PODS:
  - IQKeyboardManagerSwift (6.5.6)
  - Kingfisher (6.3.1)
  - SwiftLint (0.43.1)

DEPENDENCIES:
  - IQKeyboardManagerSwift
  - Kingfisher (~> 6.0)
  - SwiftLint

SPEC REPOS:
  trunk:
    - IQKeyboardManagerSwift
    - Kingfisher
    - SwiftLint

SPEC CHECKSUMS:
  IQKeyboardManagerSwift: c7df9d2deb356c04522f5c4b7b6e4ce4d8ed94fe
  Kingfisher: 016c8b653a35add51dd34a3aba36b580041acc74
  SwiftLint: 99f82d07b837b942dd563c668de129a03fc3fb52

PODFILE CHECKSUM: 796674427a6a0a1724b5b1f90294a06ebc536dcf

COCOAPODS: 1.11.0
